// !$*UTF8*$!
{
	archiveVersion = 1;
	classes = {
	};
	objectVersion = 46;
	objects = {

/* Begin PBXBuildFile section */
		42000C7D1A1566B7005C9820 /* tableTableViewCell.m in Sources */ = {isa = PBXBuildFile; fileRef = 42000C7C1A1566B7005C9820 /* tableTableViewCell.m */; };
		421419331A10991C00F27A4A /* main.m in Sources */ = {isa = PBXBuildFile; fileRef = 421419321A10991C00F27A4A /* main.m */; };
		421419361A10991C00F27A4A /* AppDelegate.m in Sources */ = {isa = PBXBuildFile; fileRef = 421419351A10991C00F27A4A /* AppDelegate.m */; };
		4214193C1A10991C00F27A4A /* Main.storyboard in Resources */ = {isa = PBXBuildFile; fileRef = 4214193A1A10991C00F27A4A /* Main.storyboard */; };
		4214193E1A10991C00F27A4A /* Images.xcassets in Resources */ = {isa = PBXBuildFile; fileRef = 4214193D1A10991C00F27A4A /* Images.xcassets */; };
		421419411A10991C00F27A4A /* LaunchScreen.xib in Resources */ = {isa = PBXBuildFile; fileRef = 4214193F1A10991C00F27A4A /* LaunchScreen.xib */; };
		4214194D1A10991C00F27A4A /* ____Tests.m in Sources */ = {isa = PBXBuildFile; fileRef = 4214194C1A10991C00F27A4A /* ____Tests.m */; };
		421419581A10994B00F27A4A /* TableViewController.m in Sources */ = {isa = PBXBuildFile; fileRef = 421419571A10994B00F27A4A /* TableViewController.m */; };
		4214195B1A11F02800F27A4A /* ViewController.m in Sources */ = {isa = PBXBuildFile; fileRef = 4214195A1A11F02800F27A4A /* ViewController.m */; };
		4293E8AE1AC9C7680063D9BF /* UIImageView+WebCache.m in Sources */ = {isa = PBXBuildFile; fileRef = 4293E8AD1AC9C7680063D9BF /* UIImageView+WebCache.m */; };
		4293E8CF1AC9CA3B0063D9BF /* MKAnnotationView+WebCache.m in Sources */ = {isa = PBXBuildFile; fileRef = 4293E8B11AC9CA3B0063D9BF /* MKAnnotationView+WebCache.m */; };
		4293E8D01AC9CA3B0063D9BF /* NSData+ImageContentType.m in Sources */ = {isa = PBXBuildFile; fileRef = 4293E8B31AC9CA3B0063D9BF /* NSData+ImageContentType.m */; };
		4293E8D11AC9CA3B0063D9BF /* SDImageCache.m in Sources */ = {isa = PBXBuildFile; fileRef = 4293E8B51AC9CA3B0063D9BF /* SDImageCache.m */; };
		4293E8D21AC9CA3B0063D9BF /* SDWebImageCompat.m in Sources */ = {isa = PBXBuildFile; fileRef = 4293E8B71AC9CA3B0063D9BF /* SDWebImageCompat.m */; };
		4293E8D31AC9CA3B0063D9BF /* SDWebImageDecoder.m in Sources */ = {isa = PBXBuildFile; fileRef = 4293E8B91AC9CA3B0063D9BF /* SDWebImageDecoder.m */; };
		4293E8D41AC9CA3B0063D9BF /* SDWebImageDownloader.m in Sources */ = {isa = PBXBuildFile; fileRef = 4293E8BB1AC9CA3B0063D9BF /* SDWebImageDownloader.m */; };
		4293E8D51AC9CA3B0063D9BF /* SDWebImageDownloaderOperation.m in Sources */ = {isa = PBXBuildFile; fileRef = 4293E8BD1AC9CA3B0063D9BF /* SDWebImageDownloaderOperation.m */; };
		4293E8D61AC9CA3B0063D9BF /* SDWebImageManager.m in Sources */ = {isa = PBXBuildFile; fileRef = 4293E8BF1AC9CA3B0063D9BF /* SDWebImageManager.m */; };
		4293E8D71AC9CA3B0063D9BF /* SDWebImagePrefetcher.m in Sources */ = {isa = PBXBuildFile; fileRef = 4293E8C21AC9CA3B0063D9BF /* SDWebImagePrefetcher.m */; };
		4293E8D81AC9CA3B0063D9BF /* UIButton+WebCache.m in Sources */ = {isa = PBXBuildFile; fileRef = 4293E8C41AC9CA3B0063D9BF /* UIButton+WebCache.m */; };
		4293E8D91AC9CA3B0063D9BF /* UIImage+GIF.m in Sources */ = {isa = PBXBuildFile; fileRef = 4293E8C61AC9CA3B0063D9BF /* UIImage+GIF.m */; };
		4293E8DA1AC9CA3B0063D9BF /* UIImage+MultiFormat.m in Sources */ = {isa = PBXBuildFile; fileRef = 4293E8C81AC9CA3B0063D9BF /* UIImage+MultiFormat.m */; };
		4293E8DB1AC9CA3B0063D9BF /* UIImage+WebP.m in Sources */ = {isa = PBXBuildFile; fileRef = 4293E8CA1AC9CA3B0063D9BF /* UIImage+WebP.m */; };
		4293E8DC1AC9CA3B0063D9BF /* UIImageView+HighlightedWebCache.m in Sources */ = {isa = PBXBuildFile; fileRef = 4293E8CC1AC9CA3B0063D9BF /* UIImageView+HighlightedWebCache.m */; };
		4293E8DD1AC9CA3B0063D9BF /* UIView+WebCacheOperation.m in Sources */ = {isa = PBXBuildFile; fileRef = 4293E8CE1AC9CA3B0063D9BF /* UIView+WebCacheOperation.m */; };
		42DE63981A684CDB00F3E68B /* sliderPlaceHolder.png in Resources */ = {isa = PBXBuildFile; fileRef = 42DE63971A684CDB00F3E68B /* sliderPlaceHolder.png */; };
/* End PBXBuildFile section */

/* Begin PBXContainerItemProxy section */
		421419471A10991C00F27A4A /* PBXContainerItemProxy */ = {
			isa = PBXContainerItemProxy;
			containerPortal = 421419251A10991C00F27A4A /* Project object */;
			proxyType = 1;
			remoteGlobalIDString = 4214192C1A10991C00F27A4A;
			remoteInfo = "麦大中文";
		};
/* End PBXContainerItemProxy section */

/* Begin PBXFileReference section */
		42000C7B1A1566B7005C9820 /* tableTableViewCell.h */ = {isa = PBXFileReference; fileEncoding = 4; lastKnownFileType = sourcecode.c.h; path = tableTableViewCell.h; sourceTree = "<group>"; };
		42000C7C1A1566B7005C9820 /* tableTableViewCell.m */ = {isa = PBXFileReference; fileEncoding = 4; lastKnownFileType = sourcecode.c.objc; path = tableTableViewCell.m; sourceTree = "<group>"; };
		4214192D1A10991C00F27A4A /* 麦大中文.app */ = {isa = PBXFileReference; explicitFileType = wrapper.application; includeInIndex = 0; path = "麦大中文.app"; sourceTree = BUILT_PRODUCTS_DIR; };
		421419311A10991C00F27A4A /* Info.plist */ = {isa = PBXFileReference; lastKnownFileType = text.plist.xml; path = Info.plist; sourceTree = "<group>"; };
		421419321A10991C00F27A4A /* main.m */ = {isa = PBXFileReference; lastKnownFileType = sourcecode.c.objc; path = main.m; sourceTree = "<group>"; };
		421419341A10991C00F27A4A /* AppDelegate.h */ = {isa = PBXFileReference; lastKnownFileType = sourcecode.c.h; path = AppDelegate.h; sourceTree = "<group>"; };
		421419351A10991C00F27A4A /* AppDelegate.m */ = {isa = PBXFileReference; lastKnownFileType = sourcecode.c.objc; path = AppDelegate.m; sourceTree = "<group>"; };
		4214193B1A10991C00F27A4A /* Base */ = {isa = PBXFileReference; lastKnownFileType = file.storyboard; name = Base; path = Base.lproj/Main.storyboard; sourceTree = "<group>"; };
		4214193D1A10991C00F27A4A /* Images.xcassets */ = {isa = PBXFileReference; lastKnownFileType = folder.assetcatalog; path = Images.xcassets; sourceTree = "<group>"; };
		421419401A10991C00F27A4A /* Base */ = {isa = PBXFileReference; lastKnownFileType = file.xib; name = Base; path = Base.lproj/LaunchScreen.xib; sourceTree = "<group>"; };
		421419461A10991C00F27A4A /* 麦大中文Tests.xctest */ = {isa = PBXFileReference; explicitFileType = wrapper.cfbundle; includeInIndex = 0; path = "麦大中文Tests.xctest"; sourceTree = BUILT_PRODUCTS_DIR; };
		4214194B1A10991C00F27A4A /* Info.plist */ = {isa = PBXFileReference; lastKnownFileType = text.plist.xml; path = Info.plist; sourceTree = "<group>"; };
		4214194C1A10991C00F27A4A /* ____Tests.m */ = {isa = PBXFileReference; lastKnownFileType = sourcecode.c.objc; path = "____Tests.m"; sourceTree = "<group>"; };
		421419561A10994B00F27A4A /* TableViewController.h */ = {isa = PBXFileReference; fileEncoding = 4; lastKnownFileType = sourcecode.c.h; path = TableViewController.h; sourceTree = "<group>"; };
		421419571A10994B00F27A4A /* TableViewController.m */ = {isa = PBXFileReference; fileEncoding = 4; lastKnownFileType = sourcecode.c.objc; path = TableViewController.m; sourceTree = "<group>"; };
		421419591A11F02800F27A4A /* ViewController.h */ = {isa = PBXFileReference; fileEncoding = 4; lastKnownFileType = sourcecode.c.h; path = ViewController.h; sourceTree = "<group>"; };
		4214195A1A11F02800F27A4A /* ViewController.m */ = {isa = PBXFileReference; fileEncoding = 4; lastKnownFileType = sourcecode.c.objc; path = ViewController.m; sourceTree = "<group>"; };
		4293E8AC1AC9C7680063D9BF /* UIImageView+WebCache.h */ = {isa = PBXFileReference; fileEncoding = 4; lastKnownFileType = sourcecode.c.h; path = "UIImageView+WebCache.h"; sourceTree = "<group>"; };
		4293E8AD1AC9C7680063D9BF /* UIImageView+WebCache.m */ = {isa = PBXFileReference; fileEncoding = 4; lastKnownFileType = sourcecode.c.objc; path = "UIImageView+WebCache.m"; sourceTree = "<group>"; };
		4293E8B01AC9CA3B0063D9BF /* MKAnnotationView+WebCache.h */ = {isa = PBXFileReference; fileEncoding = 4; lastKnownFileType = sourcecode.c.h; path = "MKAnnotationView+WebCache.h"; sourceTree = "<group>"; };
		4293E8B11AC9CA3B0063D9BF /* MKAnnotationView+WebCache.m */ = {isa = PBXFileReference; fileEncoding = 4; lastKnownFileType = sourcecode.c.objc; path = "MKAnnotationView+WebCache.m"; sourceTree = "<group>"; };
		4293E8B21AC9CA3B0063D9BF /* NSData+ImageContentType.h */ = {isa = PBXFileReference; fileEncoding = 4; lastKnownFileType = sourcecode.c.h; path = "NSData+ImageContentType.h"; sourceTree = "<group>"; };
		4293E8B31AC9CA3B0063D9BF /* NSData+ImageContentType.m */ = {isa = PBXFileReference; fileEncoding = 4; lastKnownFileType = sourcecode.c.objc; path = "NSData+ImageContentType.m"; sourceTree = "<group>"; };
		4293E8B41AC9CA3B0063D9BF /* SDImageCache.h */ = {isa = PBXFileReference; fileEncoding = 4; lastKnownFileType = sourcecode.c.h; path = SDImageCache.h; sourceTree = "<group>"; };
		4293E8B51AC9CA3B0063D9BF /* SDImageCache.m */ = {isa = PBXFileReference; fileEncoding = 4; lastKnownFileType = sourcecode.c.objc; path = SDImageCache.m; sourceTree = "<group>"; };
		4293E8B61AC9CA3B0063D9BF /* SDWebImageCompat.h */ = {isa = PBXFileReference; fileEncoding = 4; lastKnownFileType = sourcecode.c.h; path = SDWebImageCompat.h; sourceTree = "<group>"; };
		4293E8B71AC9CA3B0063D9BF /* SDWebImageCompat.m */ = {isa = PBXFileReference; fileEncoding = 4; lastKnownFileType = sourcecode.c.objc; path = SDWebImageCompat.m; sourceTree = "<group>"; };
		4293E8B81AC9CA3B0063D9BF /* SDWebImageDecoder.h */ = {isa = PBXFileReference; fileEncoding = 4; lastKnownFileType = sourcecode.c.h; path = SDWebImageDecoder.h; sourceTree = "<group>"; };
		4293E8B91AC9CA3B0063D9BF /* SDWebImageDecoder.m */ = {isa = PBXFileReference; fileEncoding = 4; lastKnownFileType = sourcecode.c.objc; path = SDWebImageDecoder.m; sourceTree = "<group>"; };
		4293E8BA1AC9CA3B0063D9BF /* SDWebImageDownloader.h */ = {isa = PBXFileReference; fileEncoding = 4; lastKnownFileType = sourcecode.c.h; path = SDWebImageDownloader.h; sourceTree = "<group>"; };
		4293E8BB1AC9CA3B0063D9BF /* SDWebImageDownloader.m */ = {isa = PBXFileReference; fileEncoding = 4; lastKnownFileType = sourcecode.c.objc; path = SDWebImageDownloader.m; sourceTree = "<group>"; };
		4293E8BC1AC9CA3B0063D9BF /* SDWebImageDownloaderOperation.h */ = {isa = PBXFileReference; fileEncoding = 4; lastKnownFileType = sourcecode.c.h; path = SDWebImageDownloaderOperation.h; sourceTree = "<group>"; };
		4293E8BD1AC9CA3B0063D9BF /* SDWebImageDownloaderOperation.m */ = {isa = PBXFileReference; fileEncoding = 4; lastKnownFileType = sourcecode.c.objc; path = SDWebImageDownloaderOperation.m; sourceTree = "<group>"; };
		4293E8BE1AC9CA3B0063D9BF /* SDWebImageManager.h */ = {isa = PBXFileReference; fileEncoding = 4; lastKnownFileType = sourcecode.c.h; path = SDWebImageManager.h; sourceTree = "<group>"; };
		4293E8BF1AC9CA3B0063D9BF /* SDWebImageManager.m */ = {isa = PBXFileReference; fileEncoding = 4; lastKnownFileType = sourcecode.c.objc; path = SDWebImageManager.m; sourceTree = "<group>"; };
		4293E8C01AC9CA3B0063D9BF /* SDWebImageOperation.h */ = {isa = PBXFileReference; fileEncoding = 4; lastKnownFileType = sourcecode.c.h; path = SDWebImageOperation.h; sourceTree = "<group>"; };
		4293E8C11AC9CA3B0063D9BF /* SDWebImagePrefetcher.h */ = {isa = PBXFileReference; fileEncoding = 4; lastKnownFileType = sourcecode.c.h; path = SDWebImagePrefetcher.h; sourceTree = "<group>"; };
		4293E8C21AC9CA3B0063D9BF /* SDWebImagePrefetcher.m */ = {isa = PBXFileReference; fileEncoding = 4; lastKnownFileType = sourcecode.c.objc; path = SDWebImagePrefetcher.m; sourceTree = "<group>"; };
		4293E8C31AC9CA3B0063D9BF /* UIButton+WebCache.h */ = {isa = PBXFileReference; fileEncoding = 4; lastKnownFileType = sourcecode.c.h; path = "UIButton+WebCache.h"; sourceTree = "<group>"; };
		4293E8C41AC9CA3B0063D9BF /* UIButton+WebCache.m */ = {isa = PBXFileReference; fileEncoding = 4; lastKnownFileType = sourcecode.c.objc; path = "UIButton+WebCache.m"; sourceTree = "<group>"; };
		4293E8C51AC9CA3B0063D9BF /* UIImage+GIF.h */ = {isa = PBXFileReference; fileEncoding = 4; lastKnownFileType = sourcecode.c.h; path = "UIImage+GIF.h"; sourceTree = "<group>"; };
		4293E8C61AC9CA3B0063D9BF /* UIImage+GIF.m */ = {isa = PBXFileReference; fileEncoding = 4; lastKnownFileType = sourcecode.c.objc; path = "UIImage+GIF.m"; sourceTree = "<group>"; };
		4293E8C71AC9CA3B0063D9BF /* UIImage+MultiFormat.h */ = {isa = PBXFileReference; fileEncoding = 4; lastKnownFileType = sourcecode.c.h; path = "UIImage+MultiFormat.h"; sourceTree = "<group>"; };
		4293E8C81AC9CA3B0063D9BF /* UIImage+MultiFormat.m */ = {isa = PBXFileReference; fileEncoding = 4; lastKnownFileType = sourcecode.c.objc; path = "UIImage+MultiFormat.m"; sourceTree = "<group>"; };
		4293E8C91AC9CA3B0063D9BF /* UIImage+WebP.h */ = {isa = PBXFileReference; fileEncoding = 4; lastKnownFileType = sourcecode.c.h; path = "UIImage+WebP.h"; sourceTree = "<group>"; };
		4293E8CA1AC9CA3B0063D9BF /* UIImage+WebP.m */ = {isa = PBXFileReference; fileEncoding = 4; lastKnownFileType = sourcecode.c.objc; path = "UIImage+WebP.m"; sourceTree = "<group>"; };
		4293E8CB1AC9CA3B0063D9BF /* UIImageView+HighlightedWebCache.h */ = {isa = PBXFileReference; fileEncoding = 4; lastKnownFileType = sourcecode.c.h; path = "UIImageView+HighlightedWebCache.h"; sourceTree = "<group>"; };
		4293E8CC1AC9CA3B0063D9BF /* UIImageView+HighlightedWebCache.m */ = {isa = PBXFileReference; fileEncoding = 4; lastKnownFileType = sourcecode.c.objc; path = "UIImageView+HighlightedWebCache.m"; sourceTree = "<group>"; };
		4293E8CD1AC9CA3B0063D9BF /* UIView+WebCacheOperation.h */ = {isa = PBXFileReference; fileEncoding = 4; lastKnownFileType = sourcecode.c.h; path = "UIView+WebCacheOperation.h"; sourceTree = "<group>"; };
		4293E8CE1AC9CA3B0063D9BF /* UIView+WebCacheOperation.m */ = {isa = PBXFileReference; fileEncoding = 4; lastKnownFileType = sourcecode.c.objc; path = "UIView+WebCacheOperation.m"; sourceTree = "<group>"; };
		42DE63971A684CDB00F3E68B /* sliderPlaceHolder.png */ = {isa = PBXFileReference; lastKnownFileType = image.png; path = sliderPlaceHolder.png; sourceTree = "<group>"; };
/* End PBXFileReference section */

/* Begin PBXFrameworksBuildPhase section */
		4214192A1A10991C00F27A4A /* Frameworks */ = {
			isa = PBXFrameworksBuildPhase;
			buildActionMask = 2147483647;
			files = (
			);
			runOnlyForDeploymentPostprocessing = 0;
		};
		421419431A10991C00F27A4A /* Frameworks */ = {
			isa = PBXFrameworksBuildPhase;
			buildActionMask = 2147483647;
			files = (
			);
			runOnlyForDeploymentPostprocessing = 0;
		};
/* End PBXFrameworksBuildPhase section */

/* Begin PBXGroup section */
		421419241A10991C00F27A4A = {
			isa = PBXGroup;
			children = (
				4214192F1A10991C00F27A4A /* 麦大中文 */,
				421419491A10991C00F27A4A /* 麦大中文Tests */,
				4214192E1A10991C00F27A4A /* Products */,
			);
			sourceTree = "<group>";
		};
		4214192E1A10991C00F27A4A /* Products */ = {
			isa = PBXGroup;
			children = (
				4214192D1A10991C00F27A4A /* 麦大中文.app */,
				421419461A10991C00F27A4A /* 麦大中文Tests.xctest */,
			);
			name = Products;
			sourceTree = "<group>";
		};
		4214192F1A10991C00F27A4A /* 麦大中文 */ = {
			isa = PBXGroup;
			children = (
				4293E8AF1AC9CA190063D9BF /* SDWebImage */,
				421419341A10991C00F27A4A /* AppDelegate.h */,
				421419351A10991C00F27A4A /* AppDelegate.m */,
				421419561A10994B00F27A4A /* TableViewController.h */,
				421419571A10994B00F27A4A /* TableViewController.m */,
				421419591A11F02800F27A4A /* ViewController.h */,
				4214195A1A11F02800F27A4A /* ViewController.m */,
				42000C7B1A1566B7005C9820 /* tableTableViewCell.h */,
				42000C7C1A1566B7005C9820 /* tableTableViewCell.m */,
				42DE63971A684CDB00F3E68B /* sliderPlaceHolder.png */,
				4214193A1A10991C00F27A4A /* Main.storyboard */,
				4214193D1A10991C00F27A4A /* Images.xcassets */,
				4214193F1A10991C00F27A4A /* LaunchScreen.xib */,
				421419301A10991C00F27A4A /* Supporting Files */,
			);
			path = "麦大中文";
			sourceTree = "<group>";
		};
		421419301A10991C00F27A4A /* Supporting Files */ = {
			isa = PBXGroup;
			children = (
				421419311A10991C00F27A4A /* Info.plist */,
				421419321A10991C00F27A4A /* main.m */,
			);
			name = "Supporting Files";
			sourceTree = "<group>";
		};
		421419491A10991C00F27A4A /* 麦大中文Tests */ = {
			isa = PBXGroup;
			children = (
				4214194C1A10991C00F27A4A /* ____Tests.m */,
				4214194A1A10991C00F27A4A /* Supporting Files */,
			);
			path = "麦大中文Tests";
			sourceTree = "<group>";
		};
		4214194A1A10991C00F27A4A /* Supporting Files */ = {
			isa = PBXGroup;
			children = (
				4214194B1A10991C00F27A4A /* Info.plist */,
			);
			name = "Supporting Files";
			sourceTree = "<group>";
		};
		4293E8AF1AC9CA190063D9BF /* SDWebImage */ = {
			isa = PBXGroup;
			children = (
				4293E8B01AC9CA3B0063D9BF /* MKAnnotationView+WebCache.h */,
				4293E8B11AC9CA3B0063D9BF /* MKAnnotationView+WebCache.m */,
				4293E8B21AC9CA3B0063D9BF /* NSData+ImageContentType.h */,
				4293E8B31AC9CA3B0063D9BF /* NSData+ImageContentType.m */,
				4293E8B41AC9CA3B0063D9BF /* SDImageCache.h */,
				4293E8B51AC9CA3B0063D9BF /* SDImageCache.m */,
				4293E8B61AC9CA3B0063D9BF /* SDWebImageCompat.h */,
				4293E8B71AC9CA3B0063D9BF /* SDWebImageCompat.m */,
				4293E8B81AC9CA3B0063D9BF /* SDWebImageDecoder.h */,
				4293E8B91AC9CA3B0063D9BF /* SDWebImageDecoder.m */,
				4293E8BA1AC9CA3B0063D9BF /* SDWebImageDownloader.h */,
				4293E8BB1AC9CA3B0063D9BF /* SDWebImageDownloader.m */,
				4293E8BC1AC9CA3B0063D9BF /* SDWebImageDownloaderOperation.h */,
				4293E8BD1AC9CA3B0063D9BF /* SDWebImageDownloaderOperation.m */,
				4293E8BE1AC9CA3B0063D9BF /* SDWebImageManager.h */,
				4293E8BF1AC9CA3B0063D9BF /* SDWebImageManager.m */,
				4293E8C01AC9CA3B0063D9BF /* SDWebImageOperation.h */,
				4293E8C11AC9CA3B0063D9BF /* SDWebImagePrefetcher.h */,
				4293E8C21AC9CA3B0063D9BF /* SDWebImagePrefetcher.m */,
				4293E8C31AC9CA3B0063D9BF /* UIButton+WebCache.h */,
				4293E8C41AC9CA3B0063D9BF /* UIButton+WebCache.m */,
				4293E8C51AC9CA3B0063D9BF /* UIImage+GIF.h */,
				4293E8C61AC9CA3B0063D9BF /* UIImage+GIF.m */,
				4293E8C71AC9CA3B0063D9BF /* UIImage+MultiFormat.h */,
				4293E8C81AC9CA3B0063D9BF /* UIImage+MultiFormat.m */,
				4293E8C91AC9CA3B0063D9BF /* UIImage+WebP.h */,
				4293E8CA1AC9CA3B0063D9BF /* UIImage+WebP.m */,
				4293E8CB1AC9CA3B0063D9BF /* UIImageView+HighlightedWebCache.h */,
				4293E8CC1AC9CA3B0063D9BF /* UIImageView+HighlightedWebCache.m */,
				4293E8CD1AC9CA3B0063D9BF /* UIView+WebCacheOperation.h */,
				4293E8CE1AC9CA3B0063D9BF /* UIView+WebCacheOperation.m */,
				4293E8AC1AC9C7680063D9BF /* UIImageView+WebCache.h */,
				4293E8AD1AC9C7680063D9BF /* UIImageView+WebCache.m */,
			);
			name = SDWebImage;
			sourceTree = "<group>";
		};
/* End PBXGroup section */

/* Begin PBXNativeTarget section */
		4214192C1A10991C00F27A4A /* 麦大中文 */ = {
			isa = PBXNativeTarget;
			buildConfigurationList = 421419501A10991C00F27A4A /* Build configuration list for PBXNativeTarget "麦大中文" */;
			buildPhases = (
				421419291A10991C00F27A4A /* Sources */,
				4214192A1A10991C00F27A4A /* Frameworks */,
				4214192B1A10991C00F27A4A /* Resources */,
			);
			buildRules = (
			);
			dependencies = (
			);
			name = "麦大中文";
			productName = "麦大中文";
			productReference = 4214192D1A10991C00F27A4A /* 麦大中文.app */;
			productType = "com.apple.product-type.application";
		};
		421419451A10991C00F27A4A /* 麦大中文Tests */ = {
			isa = PBXNativeTarget;
			buildConfigurationList = 421419531A10991C00F27A4A /* Build configuration list for PBXNativeTarget "麦大中文Tests" */;
			buildPhases = (
				421419421A10991C00F27A4A /* Sources */,
				421419431A10991C00F27A4A /* Frameworks */,
				421419441A10991C00F27A4A /* Resources */,
			);
			buildRules = (
			);
			dependencies = (
				421419481A10991C00F27A4A /* PBXTargetDependency */,
			);
			name = "麦大中文Tests";
			productName = "麦大中文Tests";
			productReference = 421419461A10991C00F27A4A /* 麦大中文Tests.xctest */;
			productType = "com.apple.product-type.bundle.unit-test";
		};
/* End PBXNativeTarget section */

/* Begin PBXProject section */
		421419251A10991C00F27A4A /* Project object */ = {
			isa = PBXProject;
			attributes = {
				LastUpgradeCheck = 0610;
				ORGANIZATIONNAME = "Ji Xu";
				TargetAttributes = {
					4214192C1A10991C00F27A4A = {
						CreatedOnToolsVersion = 6.1;
						DevelopmentTeam = GGUE5367V3;
					};
					421419451A10991C00F27A4A = {
						CreatedOnToolsVersion = 6.1;
						DevelopmentTeam = GGUE5367V3;
						TestTargetID = 4214192C1A10991C00F27A4A;
					};
				};
			};
			buildConfigurationList = 421419281A10991C00F27A4A /* Build configuration list for PBXProject "麦大中文" */;
			compatibilityVersion = "Xcode 3.2";
			developmentRegion = English;
			hasScannedForEncodings = 0;
			knownRegions = (
				en,
				Base,
			);
			mainGroup = 421419241A10991C00F27A4A;
			productRefGroup = 4214192E1A10991C00F27A4A /* Products */;
			projectDirPath = "";
			projectRoot = "";
			targets = (
				4214192C1A10991C00F27A4A /* 麦大中文 */,
				421419451A10991C00F27A4A /* 麦大中文Tests */,
			);
		};
/* End PBXProject section */

/* Begin PBXResourcesBuildPhase section */
		4214192B1A10991C00F27A4A /* Resources */ = {
			isa = PBXResourcesBuildPhase;
			buildActionMask = 2147483647;
			files = (
				4214193C1A10991C00F27A4A /* Main.storyboard in Resources */,
				421419411A10991C00F27A4A /* LaunchScreen.xib in Resources */,
				42DE63981A684CDB00F3E68B /* sliderPlaceHolder.png in Resources */,
				4214193E1A10991C00F27A4A /* Images.xcassets in Resources */,
			);
			runOnlyForDeploymentPostprocessing = 0;
		};
		421419441A10991C00F27A4A /* Resources */ = {
			isa = PBXResourcesBuildPhase;
			buildActionMask = 2147483647;
			files = (
			);
			runOnlyForDeploymentPostprocessing = 0;
		};
/* End PBXResourcesBuildPhase section */

/* Begin PBXSourcesBuildPhase section */
		421419291A10991C00F27A4A /* Sources */ = {
			isa = PBXSourcesBuildPhase;
			buildActionMask = 2147483647;
			files = (
				421419361A10991C00F27A4A /* AppDelegate.m in Sources */,
				4293E8D61AC9CA3B0063D9BF /* SDWebImageManager.m in Sources */,
				4293E8D11AC9CA3B0063D9BF /* SDImageCache.m in Sources */,
				4293E8D51AC9CA3B0063D9BF /* SDWebImageDownloaderOperation.m in Sources */,
				421419581A10994B00F27A4A /* TableViewController.m in Sources */,
				4293E8D81AC9CA3B0063D9BF /* UIButton+WebCache.m in Sources */,
				4293E8D01AC9CA3B0063D9BF /* NSData+ImageContentType.m in Sources */,
				4293E8D71AC9CA3B0063D9BF /* SDWebImagePrefetcher.m in Sources */,
				4293E8D41AC9CA3B0063D9BF /* SDWebImageDownloader.m in Sources */,
				4293E8AE1AC9C7680063D9BF /* UIImageView+WebCache.m in Sources */,
				4293E8DD1AC9CA3B0063D9BF /* UIView+WebCacheOperation.m in Sources */,
				4293E8DB1AC9CA3B0063D9BF /* UIImage+WebP.m in Sources */,
				4293E8D31AC9CA3B0063D9BF /* SDWebImageDecoder.m in Sources */,
				42000C7D1A1566B7005C9820 /* tableTableViewCell.m in Sources */,
				4293E8CF1AC9CA3B0063D9BF /* MKAnnotationView+WebCache.m in Sources */,
				4293E8D21AC9CA3B0063D9BF /* SDWebImageCompat.m in Sources */,
				4214195B1A11F02800F27A4A /* ViewController.m in Sources */,
				421419331A10991C00F27A4A /* main.m in Sources */,
				4293E8DA1AC9CA3B0063D9BF /* UIImage+MultiFormat.m in Sources */,
				4293E8DC1AC9CA3B0063D9BF /* UIImageView+HighlightedWebCache.m in Sources */,
				4293E8D91AC9CA3B0063D9BF /* UIImage+GIF.m in Sources */,
			);
			runOnlyForDeploymentPostprocessing = 0;
		};
		421419421A10991C00F27A4A /* Sources */ = {
			isa = PBXSourcesBuildPhase;
			buildActionMask = 2147483647;
			files = (
				4214194D1A10991C00F27A4A /* ____Tests.m in Sources */,
			);
			runOnlyForDeploymentPostprocessing = 0;
		};
/* End PBXSourcesBuildPhase section */

/* Begin PBXTargetDependency section */
		421419481A10991C00F27A4A /* PBXTargetDependency */ = {
			isa = PBXTargetDependency;
			target = 4214192C1A10991C00F27A4A /* 麦大中文 */;
			targetProxy = 421419471A10991C00F27A4A /* PBXContainerItemProxy */;
		};
/* End PBXTargetDependency section */

/* Begin PBXVariantGroup section */
		4214193A1A10991C00F27A4A /* Main.storyboard */ = {
			isa = PBXVariantGroup;
			children = (
				4214193B1A10991C00F27A4A /* Base */,
			);
			name = Main.storyboard;
			sourceTree = "<group>";
		};
		4214193F1A10991C00F27A4A /* LaunchScreen.xib */ = {
			isa = PBXVariantGroup;
			children = (
				421419401A10991C00F27A4A /* Base */,
			);
			name = LaunchScreen.xib;
			sourceTree = "<group>";
		};
/* End PBXVariantGroup section */

/* Begin XCBuildConfiguration section */
		4214194E1A10991C00F27A4A /* Debug */ = {
			isa = XCBuildConfiguration;
			buildSettings = {
				ALWAYS_SEARCH_USER_PATHS = NO;
				CLANG_CXX_LANGUAGE_STANDARD = "gnu++0x";
				CLANG_CXX_LIBRARY = "libc++";
				CLANG_ENABLE_MODULES = YES;
				CLANG_ENABLE_OBJC_ARC = YES;
				CLANG_WARN_BOOL_CONVERSION = YES;
				CLANG_WARN_CONSTANT_CONVERSION = YES;
				CLANG_WARN_DIRECT_OBJC_ISA_USAGE = YES_ERROR;
				CLANG_WARN_EMPTY_BODY = YES;
				CLANG_WARN_ENUM_CONVERSION = YES;
				CLANG_WARN_INT_CONVERSION = YES;
				CLANG_WARN_OBJC_ROOT_CLASS = YES_ERROR;
				CLANG_WARN_UNREACHABLE_CODE = YES;
				CLANG_WARN__DUPLICATE_METHOD_MATCH = YES;
				CODE_SIGN_IDENTITY = "iPhone Developer: Xu Ji (CFY9T2H4HM)";
				"CODE_SIGN_IDENTITY[sdk=iphoneos*]" = "iPhone Developer: Xu Ji (CFY9T2H4HM)";
				COPY_PHASE_STRIP = NO;
				ENABLE_STRICT_OBJC_MSGSEND = YES;
				GCC_C_LANGUAGE_STANDARD = gnu99;
				GCC_DYNAMIC_NO_PIC = NO;
				GCC_OPTIMIZATION_LEVEL = 0;
				GCC_PREPROCESSOR_DEFINITIONS = (
					"DEBUG=1",
					"$(inherited)",
				);
				GCC_SYMBOLS_PRIVATE_EXTERN = NO;
				GCC_WARN_64_TO_32_BIT_CONVERSION = YES;
				GCC_WARN_ABOUT_RETURN_TYPE = YES_ERROR;
				GCC_WARN_UNDECLARED_SELECTOR = YES;
				GCC_WARN_UNINITIALIZED_AUTOS = YES_AGGRESSIVE;
				GCC_WARN_UNUSED_FUNCTION = YES;
				GCC_WARN_UNUSED_VARIABLE = YES;
				IPHONEOS_DEPLOYMENT_TARGET = 6.0;
				MTL_ENABLE_DEBUG_INFO = YES;
				ONLY_ACTIVE_ARCH = YES;
				SDKROOT = iphoneos;
				TARGETED_DEVICE_FAMILY = "1,2";
				VALID_ARCHS = "armv7 armv7s arm64";
			};
			name = Debug;
		};
		4214194F1A10991C00F27A4A /* Release */ = {
			isa = XCBuildConfiguration;
			buildSettings = {
				ALWAYS_SEARCH_USER_PATHS = NO;
				CLANG_CXX_LANGUAGE_STANDARD = "gnu++0x";
				CLANG_CXX_LIBRARY = "libc++";
				CLANG_ENABLE_MODULES = YES;
				CLANG_ENABLE_OBJC_ARC = YES;
				CLANG_WARN_BOOL_CONVERSION = YES;
				CLANG_WARN_CONSTANT_CONVERSION = YES;
				CLANG_WARN_DIRECT_OBJC_ISA_USAGE = YES_ERROR;
				CLANG_WARN_EMPTY_BODY = YES;
				CLANG_WARN_ENUM_CONVERSION = YES;
				CLANG_WARN_INT_CONVERSION = YES;
				CLANG_WARN_OBJC_ROOT_CLASS = YES_ERROR;
				CLANG_WARN_UNREACHABLE_CODE = YES;
				CLANG_WARN__DUPLICATE_METHOD_MATCH = YES;
				CODE_SIGN_IDENTITY = "iPhone Developer: Xu Ji (CFY9T2H4HM)";
				"CODE_SIGN_IDENTITY[sdk=iphoneos*]" = "iPhone Developer: Xu Ji (CFY9T2H4HM)";
				COPY_PHASE_STRIP = YES;
				ENABLE_NS_ASSERTIONS = NO;
				ENABLE_STRICT_OBJC_MSGSEND = YES;
				GCC_C_LANGUAGE_STANDARD = gnu99;
				GCC_WARN_64_TO_32_BIT_CONVERSION = YES;
				GCC_WARN_ABOUT_RETURN_TYPE = YES_ERROR;
				GCC_WARN_UNDECLARED_SELECTOR = YES;
				GCC_WARN_UNINITIALIZED_AUTOS = YES_AGGRESSIVE;
				GCC_WARN_UNUSED_FUNCTION = YES;
				GCC_WARN_UNUSED_VARIABLE = YES;
				IPHONEOS_DEPLOYMENT_TARGET = 6.0;
				MTL_ENABLE_DEBUG_INFO = NO;
				ONLY_ACTIVE_ARCH = YES;
				SDKROOT = iphoneos;
				TARGETED_DEVICE_FAMILY = "1,2";
				VALIDATE_PRODUCT = YES;
				VALID_ARCHS = "armv7 armv7s arm64";
			};
			name = Release;
		};
		421419511A10991C00F27A4A /* Debug */ = {
			isa = XCBuildConfiguration;
			buildSettings = {
				ASSETCATALOG_COMPILER_APPICON_NAME = AppIcon;
				ASSETCATALOG_COMPILER_LAUNCHIMAGE_NAME = LaunchImage;
				CODE_SIGN_IDENTITY = "iPhone Developer";
				"CODE_SIGN_IDENTITY[sdk=iphoneos*]" = "iPhone Developer";
				INFOPLIST_FILE = "麦大中文/Info.plist";
				IPHONEOS_DEPLOYMENT_TARGET = 7.0;
				LD_RUNPATH_SEARCH_PATHS = "$(inherited) @executable_path/Frameworks";
				PRODUCT_NAME = "$(TARGET_NAME)";
				PROVISIONING_PROFILE = "";
				TARGETED_DEVICE_FAMILY = 1;
			};
			name = Debug;
		};
		421419521A10991C00F27A4A /* Release */ = {
			isa = XCBuildConfiguration;
			buildSettings = {
				ASSETCATALOG_COMPILER_APPICON_NAME = AppIcon;
				ASSETCATALOG_COMPILER_LAUNCHIMAGE_NAME = LaunchImage;
				CODE_SIGN_IDENTITY = "iPhone Developer";
				"CODE_SIGN_IDENTITY[sdk=iphoneos*]" = "iPhone Developer";
				INFOPLIST_FILE = "麦大中文/Info.plist";
				IPHONEOS_DEPLOYMENT_TARGET = 7.0;
				LD_RUNPATH_SEARCH_PATHS = "$(inherited) @executable_path/Frameworks";
				PRODUCT_NAME = "$(TARGET_NAME)";
				PROVISIONING_PROFILE = "";
				TARGETED_DEVICE_FAMILY = 1;
			};
			name = Release;
		};
		421419541A10991C00F27A4A /* Debug */ = {
			isa = XCBuildConfiguration;
			buildSettings = {
				BUNDLE_LOADER = "$(TEST_HOST)";
				CODE_SIGN_IDENTITY = "iPhone Developer";
				"CODE_SIGN_IDENTITY[sdk=iphoneos*]" = "iPhone Developer";
				FRAMEWORK_SEARCH_PATHS = (
					"$(SDKROOT)/Developer/Library/Frameworks",
					"$(inherited)",
				);
				GCC_PREPROCESSOR_DEFINITIONS = (
					"DEBUG=1",
					"$(inherited)",
				);
				INFOPLIST_FILE = "麦大中文Tests/Info.plist";
				LD_RUNPATH_SEARCH_PATHS = "$(inherited) @executable_path/Frameworks @loader_path/Frameworks";
				PRODUCT_NAME = "$(TARGET_NAME)";
				PROVISIONING_PROFILE = "";
				TEST_HOST = "$(BUILT_PRODUCTS_DIR)/麦大中文.app/麦大中文";
			};
			name = Debug;
		};
		421419551A10991C00F27A4A /* Release */ = {
			isa = XCBuildConfiguration;
			buildSettings = {
				BUNDLE_LOADER = "$(TEST_HOST)";
				CODE_SIGN_IDENTITY = "iPhone Developer";
				"CODE_SIGN_IDENTITY[sdk=iphoneos*]" = "iPhone Developer";
				FRAMEWORK_SEARCH_PATHS = (
					"$(SDKROOT)/Developer/Library/Frameworks",
					"$(inherited)",
				);
				INFOPLIST_FILE = "麦大中文Tests/Info.plist";
				LD_RUNPATH_SEARCH_PATHS = "$(inherited) @executable_path/Frameworks @loader_path/Frameworks";
				PRODUCT_NAME = "$(TARGET_NAME)";
				PROVISIONING_PROFILE = "";
				TEST_HOST = "$(BUILT_PRODUCTS_DIR)/麦大中文.app/麦大中文";
			};
			name = Release;
		};
/* End XCBuildConfiguration section */

/* Begin XCConfigurationList section */
		421419281A10991C00F27A4A /* Build configuration list for PBXProject "麦大中文" */ = {
			isa = XCConfigurationList;
			buildConfigurations = (
				4214194E1A10991C00F27A4A /* Debug */,
				4214194F1A10991C00F27A4A /* Release */,
			);
			defaultConfigurationIsVisible = 0;
			defaultConfigurationName = Release;
		};
		421419501A10991C00F27A4A /* Build configuration list for PBXNativeTarget "麦大中文" */ = {
			isa = XCConfigurationList;
			buildConfigurations = (
				421419511A10991C00F27A4A /* Debug */,
				421419521A10991C00F27A4A /* Release */,
			);
			defaultConfigurationIsVisible = 0;
			defaultConfigurationName = Release;
		};
		421419531A10991C00F27A4A /* Build configuration list for PBXNativeTarget "麦大中文Tests" */ = {
			isa = XCConfigurationList;
			buildConfigurations = (
				421419541A10991C00F27A4A /* Debug */,
				421419551A10991C00F27A4A /* Release */,
			);
			defaultConfigurationIsVisible = 0;
			defaultConfigurationName = Release;
		};
/* End XCConfigurationList section */
	};
	rootObject = 421419251A10991C00F27A4A /* Project object */;
}
